
Microsoft Visual Studio Solution File, Format Version 12.00
# Visual Studio 2012
Project("{FAE04EC0-301F-11D3-BF4B-00C04F79EFBC}") = "Cubo.OnlineLibrary.Dominio", "Cubo.OnlineLibrary.Dominio\Cubo.OnlineLibrary.Dominio.csproj", "{18649D26-C020-4C5A-A17D-1700C7A67B3F}"
EndProject
Project("{FAE04EC0-301F-11D3-BF4B-00C04F79EFBC}") = "Cubo.OnlineLibrary.TestDominio", "Cubo.OnlineLibrary.TestDominio\Cubo.OnlineLibrary.TestDominio.csproj", "{4C264FE2-5BD1-4271-81E0-83166971725A}"
EndProject
Project("{FAE04EC0-301F-11D3-BF4B-00C04F79EFBC}") = "Cubo.OnlineLibrary.Framework", "Cubo.OnlineLibrary.Framework\Cubo.OnlineLibrary.Framework.csproj", "{6EFA0CBB-79FE-439B-8A50-CF3391FD20DC}"
EndProject
Global
	GlobalSection(SolutionConfigurationPlatforms) = preSolution
		Debug|Any CPU = Debug|Any CPU
		Release|Any CPU = Release|Any CPU
	EndGlobalSection
	GlobalSection(ProjectConfigurationPlatforms) = postSolution
		{18649D26-C020-4C5A-A17D-1700C7A67B3F}.Debug|Any CPU.ActiveCfg = Debug|Any CPU
		{18649D26-C020-4C5A-A17D-1700C7A67B3F}.Debug|Any CPU.Build.0 = Debug|Any CPU
		{18649D26-C020-4C5A-A17D-1700C7A67B3F}.Release|Any CPU.ActiveCfg = Release|Any CPU
		{18649D26-C020-4C5A-A17D-1700C7A67B3F}.Release|Any CPU.Build.0 = Release|Any CPU
		{4C264FE2-5BD1-4271-81E0-83166971725A}.Debug|Any CPU.ActiveCfg = Debug|Any CPU
		{4C264FE2-5BD1-4271-81E0-83166971725A}.Debug|Any CPU.Build.0 = Debug|Any CPU
		{4C264FE2-5BD1-4271-81E0-83166971725A}.Release|Any CPU.ActiveCfg = Release|Any CPU
		{4C264FE2-5BD1-4271-81E0-83166971725A}.Release|Any CPU.Build.0 = Release|Any CPU
		{6EFA0CBB-79FE-439B-8A50-CF3391FD20DC}.Debug|Any CPU.ActiveCfg = Debug|Any CPU
		{6EFA0CBB-79FE-439B-8A50-CF3391FD20DC}.Debug|Any CPU.Build.0 = Debug|Any CPU
		{6EFA0CBB-79FE-439B-8A50-CF3391FD20DC}.Release|Any CPU.ActiveCfg = Release|Any CPU
		{6EFA0CBB-79FE-439B-8A50-CF3391FD20DC}.Release|Any CPU.Build.0 = Release|Any CPU
	EndGlobalSection
	GlobalSection(SolutionProperties) = preSolution
		HideSolutionNode = FALSE
	EndGlobalSection
EndGlobal
